
Microsoft Visual Studio Solution File, Format Version 12.00
# Visual Studio Version 17
VisualStudioVersion = 17.3.32929.385
MinimumVisualStudioVersion = 10.0.40219.1
Project("{2150E333-8FDC-42A3-9474-1A3956D46DE8}") = "Services", "Services", "{97632798-5029-4620-BDD3-A8E6DEC7151E}"
EndProject
Project("{2150E333-8FDC-42A3-9474-1A3956D46DE8}") = "Catalog", "Catalog", "{8E2B1654-8C45-4C5D-B434-6F95964F6695}"
EndProject
Project("{9A19103F-16F7-4668-BE54-9A1E7A4F7556}") = "FreeProduct.Services.Catalog", "Services\Catalog\FreeProduct.Services.Catalog\FreeProduct.Services.Catalog.csproj", "{03DC59A5-C8D4-492A-838C-393BF0F4B786}"
EndProject
Project("{2150E333-8FDC-42A3-9474-1A3956D46DE8}") = "Solution Items", "Solution Items", "{FDA9BDFD-65B8-4380-BB9D-DAD8EDB9157A}"
	ProjectSection(SolutionItems) = preProject
		Ports.txt = Ports.txt
	EndProjectSection
EndProject
Project("{2150E333-8FDC-42A3-9474-1A3956D46DE8}") = "Shared", "Shared", "{5D0E71A0-8916-4CB8-B5AE-FD86A28FBB39}"
EndProject
Project("{9A19103F-16F7-4668-BE54-9A1E7A4F7556}") = "FreeProduct.Shared", "Shared\FreeProduct.Shared\FreeProduct.Shared.csproj", "{697871E8-59E5-40B1-9320-9D72E7617F85}"
EndProject
Project("{2150E333-8FDC-42A3-9474-1A3956D46DE8}") = "IdentityServer", "IdentityServer", "{3CFD36EA-A7F9-4C85-A5F8-40E051ED6C38}"
EndProject
Project("{9A19103F-16F7-4668-BE54-9A1E7A4F7556}") = "FreeProduct.IdentityServer", "IdentityServer\FreeProduct.IdentityServer\FreeProduct.IdentityServer.csproj", "{4AB6762C-7CF1-4875-B5EA-59043F011608}"
EndProject
Project("{2150E333-8FDC-42A3-9474-1A3956D46DE8}") = "PhotoStock", "PhotoStock", "{1DEDB1A0-A94A-4747-8E25-6FA594CF2031}"
EndProject
Project("{9A19103F-16F7-4668-BE54-9A1E7A4F7556}") = "FreeProduct.Services.PhotoStock", "Services\PhotoStock\FreeProduct.Services.PhotoStock\FreeProduct.Services.PhotoStock.csproj", "{E578D5ED-239A-4729-9E88-D45AC8B0FDCE}"
EndProject
Project("{2150E333-8FDC-42A3-9474-1A3956D46DE8}") = "Basket", "Basket", "{A0E9ACBB-A6C2-4A3B-8DD2-BB690EEFCEFF}"
EndProject
Project("{9A19103F-16F7-4668-BE54-9A1E7A4F7556}") = "FreeProduct.Services.Basket", "Services\Basket\FreeProduct.Services.Basket\FreeProduct.Services.Basket.csproj", "{40FE5E27-B3CA-44A1-8767-C073A6A9238B}"
EndProject
Project("{2150E333-8FDC-42A3-9474-1A3956D46DE8}") = "Discount", "Discount", "{7F45307D-1419-469D-8DAD-9E081104E7BC}"
EndProject
Project("{9A19103F-16F7-4668-BE54-9A1E7A4F7556}") = "FreeProduct.Services.Discount", "Services\Discount\FreeProduct.Services.Discount\FreeProduct.Services.Discount.csproj", "{9CA8C395-447C-4F93-815B-9946476CF1D2}"
EndProject
Project("{2150E333-8FDC-42A3-9474-1A3956D46DE8}") = "Order", "Order", "{EAEDB73E-E325-4425-ACAC-85C8E3A48154}"
EndProject
Project("{9A19103F-16F7-4668-BE54-9A1E7A4F7556}") = "FreeProduct.Services.Order.API", "Services\Order\FreeProduct.Services.Order.API\FreeProduct.Services.Order.API.csproj", "{640B20BD-CAAF-46B1-882A-EA18443564BF}"
EndProject
Project("{9A19103F-16F7-4668-BE54-9A1E7A4F7556}") = "FreeProduct.Services.Order.Application", "Services\Order\FreeProduct.Services.Order.Application\FreeProduct.Services.Order.Application.csproj", "{5D158321-5ED1-4F85-9B7E-F607380FB9B1}"
EndProject
Project("{9A19103F-16F7-4668-BE54-9A1E7A4F7556}") = "FreeProduct.Services.Order.Domain", "Services\Order\FreeProduct.Services.Order.Domain\FreeProduct.Services.Order.Domain.csproj", "{F41380AA-98C6-4213-B02C-94D1E4515C23}"
EndProject
Project("{9A19103F-16F7-4668-BE54-9A1E7A4F7556}") = "FreeProduct.Services.Order.Domain.Core", "Services\Order\FreeProduct.Services.Order.Domain.Core\FreeProduct.Services.Order.Domain.Core.csproj", "{4E137A34-5EC6-49E0-BCA8-490DB86BC1E7}"
EndProject
Project("{9A19103F-16F7-4668-BE54-9A1E7A4F7556}") = "FreeProduct.Services.Order.Infrastructure", "Services\Order\FreeProduct.Services.Order.Infrastructure\FreeProduct.Services.Order.Infrastructure.csproj", "{95EEA5E8-D543-4D98-8CE7-9018854B56A7}"
EndProject
Project("{2150E333-8FDC-42A3-9474-1A3956D46DE8}") = "FakePayment", "FakePayment", "{950C466E-7A0C-4268-A7F6-04A9A2E8B0F4}"
EndProject
Project("{FAE04EC0-301F-11D3-BF4B-00C04F79EFBC}") = "FreeProduct.Services.FakePayment", "Services\FakePayment\FreeProduct.Services.FakePayment\FreeProduct.Services.FakePayment.csproj", "{89681272-BCF6-459F-B524-3DF5F278D95A}"
EndProject
Project("{2150E333-8FDC-42A3-9474-1A3956D46DE8}") = "Gateways", "Gateways", "{FA803B11-F2E6-45D6-86EE-DFE23A338757}"
EndProject
Project("{FAE04EC0-301F-11D3-BF4B-00C04F79EFBC}") = "FreeProduct.Gateway", "FreeProduct.Gateway\FreeProduct.Gateway.csproj", "{14DE1D36-D91F-47F5-B8CD-DAF4AE287ADC}"
EndProject
Global
	GlobalSection(SolutionConfigurationPlatforms) = preSolution
		Debug|Any CPU = Debug|Any CPU
		Release|Any CPU = Release|Any CPU
	EndGlobalSection
	GlobalSection(ProjectConfigurationPlatforms) = postSolution
		{03DC59A5-C8D4-492A-838C-393BF0F4B786}.Debug|Any CPU.ActiveCfg = Debug|Any CPU
		{03DC59A5-C8D4-492A-838C-393BF0F4B786}.Debug|Any CPU.Build.0 = Debug|Any CPU
		{03DC59A5-C8D4-492A-838C-393BF0F4B786}.Release|Any CPU.ActiveCfg = Release|Any CPU
		{03DC59A5-C8D4-492A-838C-393BF0F4B786}.Release|Any CPU.Build.0 = Release|Any CPU
		{697871E8-59E5-40B1-9320-9D72E7617F85}.Debug|Any CPU.ActiveCfg = Debug|Any CPU
		{697871E8-59E5-40B1-9320-9D72E7617F85}.Debug|Any CPU.Build.0 = Debug|Any CPU
		{697871E8-59E5-40B1-9320-9D72E7617F85}.Release|Any CPU.ActiveCfg = Release|Any CPU
		{697871E8-59E5-40B1-9320-9D72E7617F85}.Release|Any CPU.Build.0 = Release|Any CPU
		{4AB6762C-7CF1-4875-B5EA-59043F011608}.Debug|Any CPU.ActiveCfg = Debug|Any CPU
		{4AB6762C-7CF1-4875-B5EA-59043F011608}.Debug|Any CPU.Build.0 = Debug|Any CPU
		{4AB6762C-7CF1-4875-B5EA-59043F011608}.Release|Any CPU.ActiveCfg = Release|Any CPU
		{4AB6762C-7CF1-4875-B5EA-59043F011608}.Release|Any CPU.Build.0 = Release|Any CPU
		{E578D5ED-239A-4729-9E88-D45AC8B0FDCE}.Debug|Any CPU.ActiveCfg = Debug|Any CPU
		{E578D5ED-239A-4729-9E88-D45AC8B0FDCE}.Debug|Any CPU.Build.0 = Debug|Any CPU
		{E578D5ED-239A-4729-9E88-D45AC8B0FDCE}.Release|Any CPU.ActiveCfg = Release|Any CPU
		{E578D5ED-239A-4729-9E88-D45AC8B0FDCE}.Release|Any CPU.Build.0 = Release|Any CPU
		{40FE5E27-B3CA-44A1-8767-C073A6A9238B}.Debug|Any CPU.ActiveCfg = Debug|Any CPU
		{40FE5E27-B3CA-44A1-8767-C073A6A9238B}.Debug|Any CPU.Build.0 = Debug|Any CPU
		{40FE5E27-B3CA-44A1-8767-C073A6A9238B}.Release|Any CPU.ActiveCfg = Release|Any CPU
		{40FE5E27-B3CA-44A1-8767-C073A6A9238B}.Release|Any CPU.Build.0 = Release|Any CPU
		{9CA8C395-447C-4F93-815B-9946476CF1D2}.Debug|Any CPU.ActiveCfg = Debug|Any CPU
		{9CA8C395-447C-4F93-815B-9946476CF1D2}.Debug|Any CPU.Build.0 = Debug|Any CPU
		{9CA8C395-447C-4F93-815B-9946476CF1D2}.Release|Any CPU.ActiveCfg = Release|Any CPU
		{9CA8C395-447C-4F93-815B-9946476CF1D2}.Release|Any CPU.Build.0 = Release|Any CPU
		{640B20BD-CAAF-46B1-882A-EA18443564BF}.Debug|Any CPU.ActiveCfg = Debug|Any CPU
		{640B20BD-CAAF-46B1-882A-EA18443564BF}.Debug|Any CPU.Build.0 = Debug|Any CPU
		{640B20BD-CAAF-46B1-882A-EA18443564BF}.Release|Any CPU.ActiveCfg = Release|Any CPU
		{640B20BD-CAAF-46B1-882A-EA18443564BF}.Release|Any CPU.Build.0 = Release|Any CPU
		{5D158321-5ED1-4F85-9B7E-F607380FB9B1}.Debug|Any CPU.ActiveCfg = Debug|Any CPU
		{5D158321-5ED1-4F85-9B7E-F607380FB9B1}.Debug|Any CPU.Build.0 = Debug|Any CPU
		{5D158321-5ED1-4F85-9B7E-F607380FB9B1}.Release|Any CPU.ActiveCfg = Release|Any CPU
		{5D158321-5ED1-4F85-9B7E-F607380FB9B1}.Release|Any CPU.Build.0 = Release|Any CPU
		{F41380AA-98C6-4213-B02C-94D1E4515C23}.Debug|Any CPU.ActiveCfg = Debug|Any CPU
		{F41380AA-98C6-4213-B02C-94D1E4515C23}.Debug|Any CPU.Build.0 = Debug|Any CPU
		{F41380AA-98C6-4213-B02C-94D1E4515C23}.Release|Any CPU.ActiveCfg = Release|Any CPU
		{F41380AA-98C6-4213-B02C-94D1E4515C23}.Release|Any CPU.Build.0 = Release|Any CPU
		{4E137A34-5EC6-49E0-BCA8-490DB86BC1E7}.Debug|Any CPU.ActiveCfg = Debug|Any CPU
		{4E137A34-5EC6-49E0-BCA8-490DB86BC1E7}.Debug|Any CPU.Build.0 = Debug|Any CPU
		{4E137A34-5EC6-49E0-BCA8-490DB86BC1E7}.Release|Any CPU.ActiveCfg = Release|Any CPU
		{4E137A34-5EC6-49E0-BCA8-490DB86BC1E7}.Release|Any CPU.Build.0 = Release|Any CPU
		{95EEA5E8-D543-4D98-8CE7-9018854B56A7}.Debug|Any CPU.ActiveCfg = Debug|Any CPU
		{95EEA5E8-D543-4D98-8CE7-9018854B56A7}.Debug|Any CPU.Build.0 = Debug|Any CPU
		{95EEA5E8-D543-4D98-8CE7-9018854B56A7}.Release|Any CPU.ActiveCfg = Release|Any CPU
		{95EEA5E8-D543-4D98-8CE7-9018854B56A7}.Release|Any CPU.Build.0 = Release|Any CPU
		{89681272-BCF6-459F-B524-3DF5F278D95A}.Debug|Any CPU.ActiveCfg = Debug|Any CPU
		{89681272-BCF6-459F-B524-3DF5F278D95A}.Debug|Any CPU.Build.0 = Debug|Any CPU
		{89681272-BCF6-459F-B524-3DF5F278D95A}.Release|Any CPU.ActiveCfg = Release|Any CPU
		{89681272-BCF6-459F-B524-3DF5F278D95A}.Release|Any CPU.Build.0 = Release|Any CPU
		{14DE1D36-D91F-47F5-B8CD-DAF4AE287ADC}.Debug|Any CPU.ActiveCfg = Debug|Any CPU
		{14DE1D36-D91F-47F5-B8CD-DAF4AE287ADC}.Debug|Any CPU.Build.0 = Debug|Any CPU
		{14DE1D36-D91F-47F5-B8CD-DAF4AE287ADC}.Release|Any CPU.ActiveCfg = Release|Any CPU
		{14DE1D36-D91F-47F5-B8CD-DAF4AE287ADC}.Release|Any CPU.Build.0 = Release|Any CPU
	EndGlobalSection
	GlobalSection(SolutionProperties) = preSolution
		HideSolutionNode = FALSE
	EndGlobalSection
	GlobalSection(NestedProjects) = preSolution
		{8E2B1654-8C45-4C5D-B434-6F95964F6695} = {97632798-5029-4620-BDD3-A8E6DEC7151E}
		{03DC59A5-C8D4-492A-838C-393BF0F4B786} = {8E2B1654-8C45-4C5D-B434-6F95964F6695}
		{697871E8-59E5-40B1-9320-9D72E7617F85} = {5D0E71A0-8916-4CB8-B5AE-FD86A28FBB39}
		{4AB6762C-7CF1-4875-B5EA-59043F011608} = {3CFD36EA-A7F9-4C85-A5F8-40E051ED6C38}
		{1DEDB1A0-A94A-4747-8E25-6FA594CF2031} = {97632798-5029-4620-BDD3-A8E6DEC7151E}
		{E578D5ED-239A-4729-9E88-D45AC8B0FDCE} = {1DEDB1A0-A94A-4747-8E25-6FA594CF2031}
		{A0E9ACBB-A6C2-4A3B-8DD2-BB690EEFCEFF} = {97632798-5029-4620-BDD3-A8E6DEC7151E}
		{40FE5E27-B3CA-44A1-8767-C073A6A9238B} = {A0E9ACBB-A6C2-4A3B-8DD2-BB690EEFCEFF}
		{7F45307D-1419-469D-8DAD-9E081104E7BC} = {97632798-5029-4620-BDD3-A8E6DEC7151E}
		{9CA8C395-447C-4F93-815B-9946476CF1D2} = {7F45307D-1419-469D-8DAD-9E081104E7BC}
		{EAEDB73E-E325-4425-ACAC-85C8E3A48154} = {97632798-5029-4620-BDD3-A8E6DEC7151E}
		{640B20BD-CAAF-46B1-882A-EA18443564BF} = {EAEDB73E-E325-4425-ACAC-85C8E3A48154}
		{5D158321-5ED1-4F85-9B7E-F607380FB9B1} = {EAEDB73E-E325-4425-ACAC-85C8E3A48154}
		{F41380AA-98C6-4213-B02C-94D1E4515C23} = {EAEDB73E-E325-4425-ACAC-85C8E3A48154}
		{4E137A34-5EC6-49E0-BCA8-490DB86BC1E7} = {EAEDB73E-E325-4425-ACAC-85C8E3A48154}
		{95EEA5E8-D543-4D98-8CE7-9018854B56A7} = {EAEDB73E-E325-4425-ACAC-85C8E3A48154}
		{950C466E-7A0C-4268-A7F6-04A9A2E8B0F4} = {97632798-5029-4620-BDD3-A8E6DEC7151E}
		{89681272-BCF6-459F-B524-3DF5F278D95A} = {950C466E-7A0C-4268-A7F6-04A9A2E8B0F4}
		{14DE1D36-D91F-47F5-B8CD-DAF4AE287ADC} = {FA803B11-F2E6-45D6-86EE-DFE23A338757}
	EndGlobalSection
	GlobalSection(ExtensibilityGlobals) = postSolution
		SolutionGuid = {F826D640-3128-425A-92BE-C61CC232661D}
	EndGlobalSection
EndGlobal
